// !$*UTF8*$!
{
	archiveVersion = 1;
	classes = {
	};
	objectVersion = 50;
	objects = {

/* Begin PBXBuildFile section */
		6680BACE223FD10F00F75FBB /* AppDelegate.swift in Sources */ = {isa = PBXBuildFile; fileRef = 6680BACD223FD10F00F75FBB /* AppDelegate.swift */; };
		6680BAD0223FD10F00F75FBB /* ViewController.swift in Sources */ = {isa = PBXBuildFile; fileRef = 6680BACF223FD10F00F75FBB /* ViewController.swift */; };
		6680BAD2223FD10F00F75FBB /* Assets.xcassets in Resources */ = {isa = PBXBuildFile; fileRef = 6680BAD1223FD10F00F75FBB /* Assets.xcassets */; };
		6680BAD5223FD10F00F75FBB /* Main.storyboard in Resources */ = {isa = PBXBuildFile; fileRef = 6680BAD3223FD10F00F75FBB /* Main.storyboard */; };
		6680BAE4223FD12400F75FBB /* Cocoa.framework in Frameworks */ = {isa = PBXBuildFile; fileRef = 6680BAE3223FD12400F75FBB /* Cocoa.framework */; };
		6680BAE7223FD12400F75FBB /* blockerList.json in Resources */ = {isa = PBXBuildFile; fileRef = 6680BAE6223FD12400F75FBB /* blockerList.json */; };
		6680BAE9223FD12400F75FBB /* ContentBlockerRequestHandler.swift in Sources */ = {isa = PBXBuildFile; fileRef = 6680BAE8223FD12400F75FBB /* ContentBlockerRequestHandler.swift */; };
		6680BAEE223FD12400F75FBB /* X-YouTube.appex in Embed App Extensions */ = {isa = PBXBuildFile; fileRef = 6680BAE1223FD12400F75FBB /* X-YouTube.appex */; settings = {ATTRIBUTES = (RemoveHeadersOnCopy, ); }; };
/* End PBXBuildFile section */

/* Begin PBXContainerItemProxy section */
		6680BAEC223FD12400F75FBB /* PBXContainerItemProxy */ = {
			isa = PBXContainerItemProxy;
			containerPortal = 6680BAC2223FD10F00F75FBB /* Project object */;
			proxyType = 1;
			remoteGlobalIDString = 6680BAE0223FD12400F75FBB;
			remoteInfo = "X-YouTube";
		};
/* End PBXContainerItemProxy section */

/* Begin PBXCopyFilesBuildPhase section */
		6680BAF2223FD12400F75FBB /* Embed App Extensions */ = {
			isa = PBXCopyFilesBuildPhase;
			buildActionMask = 2147483647;
			dstPath = "";
			dstSubfolderSpec = 13;
			files = (
				6680BAEE223FD12400F75FBB /* X-YouTube.appex in Embed App Extensions */,
			);
			name = "Embed App Extensions";
			runOnlyForDeploymentPostprocessing = 0;
		};
/* End PBXCopyFilesBuildPhase section */

/* Begin PBXFileReference section */
		6680BACA223FD10F00F75FBB /* youtube-content-blocker.app */ = {isa = PBXFileReference; explicitFileType = wrapper.application; includeInIndex = 0; path = "youtube-content-blocker.app"; sourceTree = BUILT_PRODUCTS_DIR; };
		6680BACD223FD10F00F75FBB /* AppDelegate.swift */ = {isa = PBXFileReference; lastKnownFileType = sourcecode.swift; path = AppDelegate.swift; sourceTree = "<group>"; };
		6680BACF223FD10F00F75FBB /* ViewController.swift */ = {isa = PBXFileReference; lastKnownFileType = sourcecode.swift; path = ViewController.swift; sourceTree = "<group>"; };
		6680BAD1223FD10F00F75FBB /* Assets.xcassets */ = {isa = PBXFileReference; lastKnownFileType = folder.assetcatalog; path = Assets.xcassets; sourceTree = "<group>"; };
		6680BAD4223FD10F00F75FBB /* Base */ = {isa = PBXFileReference; lastKnownFileType = file.storyboard; name = Base; path = Base.lproj/Main.storyboard; sourceTree = "<group>"; };
		6680BAD6223FD10F00F75FBB /* Info.plist */ = {isa = PBXFileReference; lastKnownFileType = text.plist.xml; path = Info.plist; sourceTree = "<group>"; };
		6680BAD7223FD10F00F75FBB /* youtube_content_blocker.entitlements */ = {isa = PBXFileReference; lastKnownFileType = text.plist.entitlements; path = youtube_content_blocker.entitlements; sourceTree = "<group>"; };
		6680BAE1223FD12400F75FBB /* X-YouTube.appex */ = {isa = PBXFileReference; explicitFileType = "wrapper.app-extension"; includeInIndex = 0; path = "X-YouTube.appex"; sourceTree = BUILT_PRODUCTS_DIR; };
		6680BAE3223FD12400F75FBB /* Cocoa.framework */ = {isa = PBXFileReference; lastKnownFileType = wrapper.framework; name = Cocoa.framework; path = System/Library/Frameworks/Cocoa.framework; sourceTree = SDKROOT; };
		6680BAE6223FD12400F75FBB /* blockerList.json */ = {isa = PBXFileReference; lastKnownFileType = text.json; path = blockerList.json; sourceTree = "<group>"; };
		6680BAE8223FD12400F75FBB /* ContentBlockerRequestHandler.swift */ = {isa = PBXFileReference; lastKnownFileType = sourcecode.swift; path = ContentBlockerRequestHandler.swift; sourceTree = "<group>"; };
		6680BAEA223FD12400F75FBB /* Info.plist */ = {isa = PBXFileReference; lastKnownFileType = text.plist.xml; path = Info.plist; sourceTree = "<group>"; };
		6680BAEB223FD12400F75FBB /* X_YouTube.entitlements */ = {isa = PBXFileReference; lastKnownFileType = text.plist.entitlements; path = X_YouTube.entitlements; sourceTree = "<group>"; };
/* End PBXFileReference section */

/* Begin PBXFrameworksBuildPhase section */
		6680BAC7223FD10F00F75FBB /* Frameworks */ = {
			isa = PBXFrameworksBuildPhase;
			buildActionMask = 2147483647;
			files = (
			);
			runOnlyForDeploymentPostprocessing = 0;
		};
		6680BADE223FD12400F75FBB /* Frameworks */ = {
			isa = PBXFrameworksBuildPhase;
			buildActionMask = 2147483647;
			files = (
				6680BAE4223FD12400F75FBB /* Cocoa.framework in Frameworks */,
			);
			runOnlyForDeploymentPostprocessing = 0;
		};
/* End PBXFrameworksBuildPhase section */

/* Begin PBXGroup section */
		6680BAC1223FD10F00F75FBB = {
			isa = PBXGroup;
			children = (
				6680BACC223FD10F00F75FBB /* youtube-content-blocker */,
				6680BAE5223FD12400F75FBB /* X-YouTube */,
				6680BAE2223FD12400F75FBB /* Frameworks */,
				6680BACB223FD10F00F75FBB /* Products */,
			);
			sourceTree = "<group>";
		};
		6680BACB223FD10F00F75FBB /* Products */ = {
			isa = PBXGroup;
			children = (
				6680BACA223FD10F00F75FBB /* youtube-content-blocker.app */,
				6680BAE1223FD12400F75FBB /* X-YouTube.appex */,
			);
			name = Products;
			sourceTree = "<group>";
		};
		6680BACC223FD10F00F75FBB /* youtube-content-blocker */ = {
			isa = PBXGroup;
			children = (
				6680BACD223FD10F00F75FBB /* AppDelegate.swift */,
				6680BACF223FD10F00F75FBB /* ViewController.swift */,
				6680BAD1223FD10F00F75FBB /* Assets.xcassets */,
				6680BAD3223FD10F00F75FBB /* Main.storyboard */,
				6680BAD6223FD10F00F75FBB /* Info.plist */,
				6680BAD7223FD10F00F75FBB /* youtube_content_blocker.entitlements */,
			);
			path = "youtube-content-blocker";
			sourceTree = "<group>";
		};
		6680BAE2223FD12400F75FBB /* Frameworks */ = {
			isa = PBXGroup;
			children = (
				6680BAE3223FD12400F75FBB /* Cocoa.framework */,
			);
			name = Frameworks;
			sourceTree = "<group>";
		};
		6680BAE5223FD12400F75FBB /* X-YouTube */ = {
			isa = PBXGroup;
			children = (
				6680BAE6223FD12400F75FBB /* blockerList.json */,
				6680BAE8223FD12400F75FBB /* ContentBlockerRequestHandler.swift */,
				6680BAEA223FD12400F75FBB /* Info.plist */,
				6680BAEB223FD12400F75FBB /* X_YouTube.entitlements */,
			);
			path = "X-YouTube";
			sourceTree = "<group>";
		};
/* End PBXGroup section */

/* Begin PBXNativeTarget section */
		6680BAC9223FD10F00F75FBB /* youtube-content-blocker */ = {
			isa = PBXNativeTarget;
			buildConfigurationList = 6680BADA223FD10F00F75FBB /* Build configuration list for PBXNativeTarget "youtube-content-blocker" */;
			buildPhases = (
				6680BAC6223FD10F00F75FBB /* Sources */,
				6680BAC7223FD10F00F75FBB /* Frameworks */,
				6680BAC8223FD10F00F75FBB /* Resources */,
				6680BAF2223FD12400F75FBB /* Embed App Extensions */,
			);
			buildRules = (
			);
			dependencies = (
				6680BAED223FD12400F75FBB /* PBXTargetDependency */,
			);
			name = "youtube-content-blocker";
			productName = "youtube-content-blocker";
			productReference = 6680BACA223FD10F00F75FBB /* youtube-content-blocker.app */;
			productType = "com.apple.product-type.application";
		};
		6680BAE0223FD12400F75FBB /* X-YouTube */ = {
			isa = PBXNativeTarget;
			buildConfigurationList = 6680BAEF223FD12400F75FBB /* Build configuration list for PBXNativeTarget "X-YouTube" */;
			buildPhases = (
				6680BADD223FD12400F75FBB /* Sources */,
				6680BADE223FD12400F75FBB /* Frameworks */,
				6680BADF223FD12400F75FBB /* Resources */,
			);
			buildRules = (
			);
			dependencies = (
			);
			name = "X-YouTube";
			productName = "X-YouTube";
			productReference = 6680BAE1223FD12400F75FBB /* X-YouTube.appex */;
			productType = "com.apple.product-type.app-extension";
		};
/* End PBXNativeTarget section */

/* Begin PBXProject section */
		6680BAC2223FD10F00F75FBB /* Project object */ = {
			isa = PBXProject;
			attributes = {
				LastSwiftUpdateCheck = 1010;
				LastUpgradeCheck = 1120;
				ORGANIZATIONNAME = erictsangx;
				TargetAttributes = {
					6680BAC9223FD10F00F75FBB = {
						CreatedOnToolsVersion = 10.1;
						LastSwiftMigration = 1120;
					};
					6680BAE0223FD12400F75FBB = {
						CreatedOnToolsVersion = 10.1;
						LastSwiftMigration = 1120;
					};
				};
			};
			buildConfigurationList = 6680BAC5223FD10F00F75FBB /* Build configuration list for PBXProject "youtube-content-blocker" */;
			compatibilityVersion = "Xcode 9.3";
			developmentRegion = en;
			hasScannedForEncodings = 0;
			knownRegions = (
				en,
				Base,
			);
			mainGroup = 6680BAC1223FD10F00F75FBB;
			productRefGroup = 6680BACB223FD10F00F75FBB /* Products */;
			projectDirPath = "";
			projectRoot = "";
			targets = (
				6680BAC9223FD10F00F75FBB /* youtube-content-blocker */,
				6680BAE0223FD12400F75FBB /* X-YouTube */,
			);
		};
/* End PBXProject section */

/* Begin PBXResourcesBuildPhase section */
		6680BAC8223FD10F00F75FBB /* Resources */ = {
			isa = PBXResourcesBuildPhase;
			buildActionMask = 2147483647;
			files = (
				6680BAD2223FD10F00F75FBB /* Assets.xcassets in Resources */,
				6680BAD5223FD10F00F75FBB /* Main.storyboard in Resources */,
			);
			runOnlyForDeploymentPostprocessing = 0;
		};
		6680BADF223FD12400F75FBB /* Resources */ = {
			isa = PBXResourcesBuildPhase;
			buildActionMask = 2147483647;
			files = (
				6680BAE7223FD12400F75FBB /* blockerList.json in Resources */,
			);
			runOnlyForDeploymentPostprocessing = 0;
		};
/* End PBXResourcesBuildPhase section */

/* Begin PBXSourcesBuildPhase section */
		6680BAC6223FD10F00F75FBB /* Sources */ = {
			isa = PBXSourcesBuildPhase;
			buildActionMask = 2147483647;
			files = (
				6680BAD0223FD10F00F75FBB /* ViewController.swift in Sources */,
				6680BACE223FD10F00F75FBB /* AppDelegate.swift in Sources */,
			);
			runOnlyForDeploymentPostprocessing = 0;
		};
		6680BADD223FD12400F75FBB /* Sources */ = {
			isa = PBXSourcesBuildPhase;
			buildActionMask = 2147483647;
			files = (
				6680BAE9223FD12400F75FBB /* ContentBlockerRequestHandler.swift in Sources */,
			);
			runOnlyForDeploymentPostprocessing = 0;
		};
/* End PBXSourcesBuildPhase section */

/* Begin PBXTargetDependency section */
		6680BAED223FD12400F75FBB /* PBXTargetDependency */ = {
			isa = PBXTargetDependency;
			target = 6680BAE0223FD12400F75FBB /* X-YouTube */;
			targetProxy = 6680BAEC223FD12400F75FBB /* PBXContainerItemProxy */;
		};
/* End PBXTargetDependency section */

/* Begin PBXVariantGroup section */
		6680BAD3223FD10F00F75FBB /* Main.storyboard */ = {
			isa = PBXVariantGroup;
			children = (
				6680BAD4223FD10F00F75FBB /* Base */,
			);
			name = Main.storyboard;
			sourceTree = "<group>";
		};
/* End PBXVariantGroup section */

/* Begin XCBuildConfiguration section */
		6680BAD8223FD10F00F75FBB /* Debug */ = {
			isa = XCBuildConfiguration;
			buildSettings = {
				ALWAYS_SEARCH_USER_PATHS = NO;
				CLANG_ANALYZER_NONNULL = YES;
				CLANG_ANALYZER_NUMBER_OBJECT_CONVERSION = YES_AGGRESSIVE;
				CLANG_CXX_LANGUAGE_STANDARD = "gnu++14";
				CLANG_CXX_LIBRARY = "libc++";
				CLANG_ENABLE_MODULES = YES;
				CLANG_ENABLE_OBJC_ARC = YES;
				CLANG_ENABLE_OBJC_WEAK = YES;
				CLANG_WARN_BLOCK_CAPTURE_AUTORELEASING = YES;
				CLANG_WARN_BOOL_CONVERSION = YES;
				CLANG_WARN_COMMA = YES;
				CLANG_WARN_CONSTANT_CONVERSION = YES;
				CLANG_WARN_DEPRECATED_OBJC_IMPLEMENTATIONS = YES;
				CLANG_WARN_DIRECT_OBJC_ISA_USAGE = YES_ERROR;
				CLANG_WARN_DOCUMENTATION_COMMENTS = YES;
				CLANG_WARN_EMPTY_BODY = YES;
				CLANG_WARN_ENUM_CONVERSION = YES;
				CLANG_WARN_INFINITE_RECURSION = YES;
				CLANG_WARN_INT_CONVERSION = YES;
				CLANG_WARN_NON_LITERAL_NULL_CONVERSION = YES;
				CLANG_WARN_OBJC_IMPLICIT_RETAIN_SELF = YES;
				CLANG_WARN_OBJC_LITERAL_CONVERSION = YES;
				CLANG_WARN_OBJC_ROOT_CLASS = YES_ERROR;
				CLANG_WARN_RANGE_LOOP_ANALYSIS = YES;
				CLANG_WARN_STRICT_PROTOTYPES = YES;
				CLANG_WARN_SUSPICIOUS_MOVE = YES;
				CLANG_WARN_UNGUARDED_AVAILABILITY = YES_AGGRESSIVE;
				CLANG_WARN_UNREACHABLE_CODE = YES;
				CLANG_WARN__DUPLICATE_METHOD_MATCH = YES;
				CODE_SIGN_IDENTITY = "Mac Developer";
				COPY_PHASE_STRIP = NO;
				DEBUG_INFORMATION_FORMAT = dwarf;
				ENABLE_STRICT_OBJC_MSGSEND = YES;
				ENABLE_TESTABILITY = YES;
				GCC_C_LANGUAGE_STANDARD = gnu11;
				GCC_DYNAMIC_NO_PIC = NO;
				GCC_NO_COMMON_BLOCKS = YES;
				GCC_OPTIMIZATION_LEVEL = 0;
				GCC_PREPROCESSOR_DEFINITIONS = (
					"DEBUG=1",
					"$(inherited)",
				);
				GCC_WARN_64_TO_32_BIT_CONVERSION = YES;
				GCC_WARN_ABOUT_RETURN_TYPE = YES_ERROR;
				GCC_WARN_UNDECLARED_SELECTOR = YES;
				GCC_WARN_UNINITIALIZED_AUTOS = YES_AGGRESSIVE;
				GCC_WARN_UNUSED_FUNCTION = YES;
				GCC_WARN_UNUSED_VARIABLE = YES;
				MACOSX_DEPLOYMENT_TARGET = 10.15;
				MTL_ENABLE_DEBUG_INFO = INCLUDE_SOURCE;
				MTL_FAST_MATH = YES;
				ONLY_ACTIVE_ARCH = YES;
				SDKROOT = macosx;
				SWIFT_ACTIVE_COMPILATION_CONDITIONS = DEBUG;
				SWIFT_OPTIMIZATION_LEVEL = "-Onone";
			};
			name = Debug;
		};
		6680BAD9223FD10F00F75FBB /* Release */ = {
			isa = XCBuildConfiguration;
			buildSettings = {
				ALWAYS_SEARCH_USER_PATHS = NO;
				CLANG_ANALYZER_NONNULL = YES;
				CLANG_ANALYZER_NUMBER_OBJECT_CONVERSION = YES_AGGRESSIVE;
				CLANG_CXX_LANGUAGE_STANDARD = "gnu++14";
				CLANG_CXX_LIBRARY = "libc++";
				CLANG_ENABLE_MODULES = YES;
				CLANG_ENABLE_OBJC_ARC = YES;
				CLANG_ENABLE_OBJC_WEAK = YES;
				CLANG_WARN_BLOCK_CAPTURE_AUTORELEASING = YES;
				CLANG_WARN_BOOL_CONVERSION = YES;
				CLANG_WARN_COMMA = YES;
				CLANG_WARN_CONSTANT_CONVERSION = YES;
				CLANG_WARN_DEPRECATED_OBJC_IMPLEMENTATIONS = YES;
				CLANG_WARN_DIRECT_OBJC_ISA_USAGE = YES_ERROR;
				CLANG_WARN_DOCUMENTATION_COMMENTS = YES;
				CLANG_WARN_EMPTY_BODY = YES;
				CLANG_WARN_ENUM_CONVERSION = YES;
				CLANG_WARN_INFINITE_RECURSION = YES;
				CLANG_WARN_INT_CONVERSION = YES;
				CLANG_WARN_NON_LITERAL_NULL_CONVERSION = YES;
				CLANG_WARN_OBJC_IMPLICIT_RETAIN_SELF = YES;
				CLANG_WARN_OBJC_LITERAL_CONVERSION = YES;
				CLANG_WARN_OBJC_ROOT_CLASS = YES_ERROR;
				CLANG_WARN_RANGE_LOOP_ANALYSIS = YES;
				CLANG_WARN_STRICT_PROTOTYPES = YES;
				CLANG_WARN_SUSPICIOUS_MOVE = YES;
				CLANG_WARN_UNGUARDED_AVAILABILITY = YES_AGGRESSIVE;
				CLANG_WARN_UNREACHABLE_CODE = YES;
				CLANG_WARN__DUPLICATE_METHOD_MATCH = YES;
				CODE_SIGN_IDENTITY = "Mac Developer";
				COPY_PHASE_STRIP = NO;
				DEBUG_INFORMATION_FORMAT = "dwarf-with-dsym";
				ENABLE_NS_ASSERTIONS = NO;
				ENABLE_STRICT_OBJC_MSGSEND = YES;
				GCC_C_LANGUAGE_STANDARD = gnu11;
				GCC_NO_COMMON_BLOCKS = YES;
				GCC_WARN_64_TO_32_BIT_CONVERSION = YES;
				GCC_WARN_ABOUT_RETURN_TYPE = YES_ERROR;
				GCC_WARN_UNDECLARED_SELECTOR = YES;
				GCC_WARN_UNINITIALIZED_AUTOS = YES_AGGRESSIVE;
				GCC_WARN_UNUSED_FUNCTION = YES;
				GCC_WARN_UNUSED_VARIABLE = YES;
				MACOSX_DEPLOYMENT_TARGET = 10.15;
				MTL_ENABLE_DEBUG_INFO = NO;
				MTL_FAST_MATH = YES;
				SDKROOT = macosx;
				SWIFT_COMPILATION_MODE = wholemodule;
				SWIFT_OPTIMIZATION_LEVEL = "-O";
			};
			name = Release;
		};
		6680BADB223FD10F00F75FBB /* Debug */ = {
			isa = XCBuildConfiguration;
			buildSettings = {
				ALWAYS_EMBED_SWIFT_STANDARD_LIBRARIES = YES;
				ASSETCATALOG_COMPILER_APPICON_NAME = AppIcon;
				CODE_SIGN_ENTITLEMENTS = "youtube-content-blocker/youtube_content_blocker.entitlements";
				CODE_SIGN_IDENTITY = "Apple Development";
				CODE_SIGN_STYLE = Automatic;
				COMBINE_HIDPI_IMAGES = YES;
				DEVELOPMENT_TEAM = C9XP9A7KQ8;
				INFOPLIST_FILE = "youtube-content-blocker/Info.plist";
				LD_RUNPATH_SEARCH_PATHS = (
					"$(inherited)",
					"@executable_path/../Frameworks",
				);
				PRODUCT_BUNDLE_IDENTIFIER = "github.etx.youtube-content-blocker";
				PRODUCT_NAME = "$(TARGET_NAME)";
				SWIFT_VERSION = 5.0;
			};
			name = Debug;
		};
		6680BADC223FD10F00F75FBB /* Release */ = {
			isa = XCBuildConfiguration;
			buildSettings = {
				ALWAYS_EMBED_SWIFT_STANDARD_LIBRARIES = YES;
				ASSETCATALOG_COMPILER_APPICON_NAME = AppIcon;
				CODE_SIGN_ENTITLEMENTS = "youtube-content-blocker/youtube_content_blocker.entitlements";
				CODE_SIGN_IDENTITY = "Apple Development";
				CODE_SIGN_STYLE = Automatic;
				COMBINE_HIDPI_IMAGES = YES;
				DEVELOPMENT_TEAM = C9XP9A7KQ8;
				INFOPLIST_FILE = "youtube-content-blocker/Info.plist";
				LD_RUNPATH_SEARCH_PATHS = (
					"$(inherited)",
					"@executable_path/../Frameworks",
				);
				PRODUCT_BUNDLE_IDENTIFIER = "github.etx.youtube-content-blocker";
				PRODUCT_NAME = "$(TARGET_NAME)";
				SWIFT_VERSION = 5.0;
			};
			name = Release;
		};
		6680BAF0223FD12400F75FBB /* Debug */ = {
			isa = XCBuildConfiguration;
			buildSettings = {
				CODE_SIGN_ENTITLEMENTS = "X-YouTube/X_YouTube.entitlements";
				CODE_SIGN_IDENTITY = "Apple Development";
				CODE_SIGN_STYLE = Automatic;
				DEVELOPMENT_TEAM = C9XP9A7KQ8;
				INFOPLIST_FILE = "X-YouTube/Info.plist";
				LD_RUNPATH_SEARCH_PATHS = (
					"$(inherited)",
					"@executable_path/../Frameworks",
					"@executable_path/../../../../Frameworks",
				);
				PRODUCT_BUNDLE_IDENTIFIER = "github.etx.youtube-content-blocker.X-YouTube";
				PRODUCT_NAME = "$(TARGET_NAME)";
				SKIP_INSTALL = YES;
				SWIFT_VERSION = 5.0;
			};
			name = Debug;
		};
		6680BAF1223FD12400F75FBB /* Release */ = {
			isa = XCBuildConfiguration;
			buildSettings = {
				CODE_SIGN_ENTITLEMENTS = "X-YouTube/X_YouTube.entitlements";
				CODE_SIGN_IDENTITY = "Apple Development";
				CODE_SIGN_STYLE = Automatic;
				DEVELOPMENT_TEAM = C9XP9A7KQ8;
				INFOPLIST_FILE = "X-YouTube/Info.plist";
				LD_RUNPATH_SEARCH_PATHS = (
					"$(inherited)",
					"@executable_path/../Frameworks",
					"@executable_path/../../../../Frameworks",
				);
				PRODUCT_BUNDLE_IDENTIFIER = "github.etx.youtube-content-blocker.X-YouTube";
				PRODUCT_NAME = "$(TARGET_NAME)";
				SKIP_INSTALL = YES;
				SWIFT_VERSION = 5.0;
			};
			name = Release;
		};
/* End XCBuildConfiguration section */

/* Begin XCConfigurationList section */
		6680BAC5223FD10F00F75FBB /* Build configuration list for PBXProject "youtube-content-blocker" */ = {
			isa = XCConfigurationList;
			buildConfigurations = (
				6680BAD8223FD10F00F75FBB /* Debug */,
				6680BAD9223FD10F00F75FBB /* Release */,
			);
			defaultConfigurationIsVisible = 0;
			defaultConfigurationName = Release;
		};
		6680BADA223FD10F00F75FBB /* Build configuration list for PBXNativeTarget "youtube-content-blocker" */ = {
			isa = XCConfigurationList;
			buildConfigurations = (
				6680BADB223FD10F00F75FBB /* Debug */,
				6680BADC223FD10F00F75FBB /* Release */,
			);
			defaultConfigurationIsVisible = 0;
			defaultConfigurationName = Release;
		};
		6680BAEF223FD12400F75FBB /* Build configuration list for PBXNativeTarget "X-YouTube" */ = {
			isa = XCConfigurationList;
			buildConfigurations = (
				6680BAF0223FD12400F75FBB /* Debug */,
				6680BAF1223FD12400F75FBB /* Release */,
			);
			defaultConfigurationIsVisible = 0;
			defaultConfigurationName = Release;
		};
/* End XCConfigurationList section */
	};
	rootObject = 6680BAC2223FD10F00F75FBB /* Project object */;
}
